// !$*UTF8*$!
{
	archiveVersion = 1;
	classes = {
	};
	objectVersion = 56;
	objects = {

/* Begin PBXBuildFile section */
		1E0D0F042B61444100D53C60 /* NewsReaderAppTests.m in Sources */ = {isa = PBXBuildFile; fileRef = 1E0D0F032B61444100D53C60 /* NewsReaderAppTests.m */; };
		1E0D0F112B61447C00D53C60 /* NewsReaderAppUITests.m in Sources */ = {isa = PBXBuildFile; fileRef = 1E0D0F102B61447C00D53C60 /* NewsReaderAppUITests.m */; };
		1E0D0F132B61447C00D53C60 /* NewsReaderAppUITestsLaunchTests.m in Sources */ = {isa = PBXBuildFile; fileRef = 1E0D0F122B61447C00D53C60 /* NewsReaderAppUITestsLaunchTests.m */; };
		1E1FD03B2B6006F200E8EC59 /* AppDelegate.m in Sources */ = {isa = PBXBuildFile; fileRef = 1E1FD03A2B6006F200E8EC59 /* AppDelegate.m */; };
		1E1FD03E2B6006F200E8EC59 /* SceneDelegate.m in Sources */ = {isa = PBXBuildFile; fileRef = 1E1FD03D2B6006F200E8EC59 /* SceneDelegate.m */; };
		1E1FD0412B6006F200E8EC59 /* ViewController.m in Sources */ = {isa = PBXBuildFile; fileRef = 1E1FD0402B6006F200E8EC59 /* ViewController.m */; };
		1E1FD0442B6006F200E8EC59 /* Main.storyboard in Resources */ = {isa = PBXBuildFile; fileRef = 1E1FD0422B6006F200E8EC59 /* Main.storyboard */; };
		1E1FD0462B6006F300E8EC59 /* Assets.xcassets in Resources */ = {isa = PBXBuildFile; fileRef = 1E1FD0452B6006F300E8EC59 /* Assets.xcassets */; };
		1E1FD0492B6006F300E8EC59 /* LaunchScreen.storyboard in Resources */ = {isa = PBXBuildFile; fileRef = 1E1FD0472B6006F300E8EC59 /* LaunchScreen.storyboard */; };
		1E1FD04C2B6006F300E8EC59 /* main.m in Sources */ = {isa = PBXBuildFile; fileRef = 1E1FD04B2B6006F300E8EC59 /* main.m */; };
		1E1FD0582B600C2500E8EC59 /* News.m in Sources */ = {isa = PBXBuildFile; fileRef = 1E1FD0572B600C2500E8EC59 /* News.m */; };
		1E1FD05A2B600F4D00E8EC59 /* news.json in Resources */ = {isa = PBXBuildFile; fileRef = 1E1FD0592B600F4D00E8EC59 /* news.json */; };
		1E1FD05E2B60120C00E8EC59 /* NewsCell.m in Sources */ = {isa = PBXBuildFile; fileRef = 1E1FD05C2B60120C00E8EC59 /* NewsCell.m */; };
		1E1FD05F2B60120C00E8EC59 /* NewsCell.xib in Resources */ = {isa = PBXBuildFile; fileRef = 1E1FD05D2B60120C00E8EC59 /* NewsCell.xib */; };
/* End PBXBuildFile section */

/* Begin PBXContainerItemProxy section */
		1E0D0F052B61444100D53C60 /* PBXContainerItemProxy */ = {
			isa = PBXContainerItemProxy;
			containerPortal = 1E1FD02E2B6006F200E8EC59 /* Project object */;
			proxyType = 1;
			remoteGlobalIDString = 1E1FD0352B6006F200E8EC59;
			remoteInfo = NewsReaderApp;
		};
		1E0D0F142B61447C00D53C60 /* PBXContainerItemProxy */ = {
			isa = PBXContainerItemProxy;
			containerPortal = 1E1FD02E2B6006F200E8EC59 /* Project object */;
			proxyType = 1;
			remoteGlobalIDString = 1E1FD0352B6006F200E8EC59;
			remoteInfo = NewsReaderApp;
		};
/* End PBXContainerItemProxy section */

/* Begin PBXFileReference section */
		1E0D0F012B61444000D53C60 /* NewsReaderAppTests.xctest */ = {isa = PBXFileReference; explicitFileType = wrapper.cfbundle; includeInIndex = 0; path = NewsReaderAppTests.xctest; sourceTree = BUILT_PRODUCTS_DIR; };
		1E0D0F032B61444100D53C60 /* NewsReaderAppTests.m */ = {isa = PBXFileReference; lastKnownFileType = sourcecode.c.objc; path = NewsReaderAppTests.m; sourceTree = "<group>"; };
		1E0D0F0E2B61447C00D53C60 /* NewsReaderAppUITests.xctest */ = {isa = PBXFileReference; explicitFileType = wrapper.cfbundle; includeInIndex = 0; path = NewsReaderAppUITests.xctest; sourceTree = BUILT_PRODUCTS_DIR; };
		1E0D0F102B61447C00D53C60 /* NewsReaderAppUITests.m */ = {isa = PBXFileReference; lastKnownFileType = sourcecode.c.objc; path = NewsReaderAppUITests.m; sourceTree = "<group>"; };
		1E0D0F122B61447C00D53C60 /* NewsReaderAppUITestsLaunchTests.m */ = {isa = PBXFileReference; lastKnownFileType = sourcecode.c.objc; path = NewsReaderAppUITestsLaunchTests.m; sourceTree = "<group>"; };
		1E0D0F192B61464200D53C60 /* ViewController_Private.h */ = {isa = PBXFileReference; lastKnownFileType = sourcecode.c.h; path = ViewController_Private.h; sourceTree = "<group>"; };
		1E1FD0362B6006F200E8EC59 /* NewsReaderApp.app */ = {isa = PBXFileReference; explicitFileType = wrapper.application; includeInIndex = 0; path = NewsReaderApp.app; sourceTree = BUILT_PRODUCTS_DIR; };
		1E1FD0392B6006F200E8EC59 /* AppDelegate.h */ = {isa = PBXFileReference; lastKnownFileType = sourcecode.c.h; path = AppDelegate.h; sourceTree = "<group>"; };
		1E1FD03A2B6006F200E8EC59 /* AppDelegate.m */ = {isa = PBXFileReference; lastKnownFileType = sourcecode.c.objc; path = AppDelegate.m; sourceTree = "<group>"; };
		1E1FD03C2B6006F200E8EC59 /* SceneDelegate.h */ = {isa = PBXFileReference; lastKnownFileType = sourcecode.c.h; path = SceneDelegate.h; sourceTree = "<group>"; };
		1E1FD03D2B6006F200E8EC59 /* SceneDelegate.m */ = {isa = PBXFileReference; lastKnownFileType = sourcecode.c.objc; path = SceneDelegate.m; sourceTree = "<group>"; };
		1E1FD03F2B6006F200E8EC59 /* ViewController.h */ = {isa = PBXFileReference; lastKnownFileType = sourcecode.c.h; path = ViewController.h; sourceTree = "<group>"; };
		1E1FD0402B6006F200E8EC59 /* ViewController.m */ = {isa = PBXFileReference; lastKnownFileType = sourcecode.c.objc; path = ViewController.m; sourceTree = "<group>"; };
		1E1FD0432B6006F200E8EC59 /* Base */ = {isa = PBXFileReference; lastKnownFileType = file.storyboard; name = Base; path = Base.lproj/Main.storyboard; sourceTree = "<group>"; };
		1E1FD0452B6006F300E8EC59 /* Assets.xcassets */ = {isa = PBXFileReference; lastKnownFileType = folder.assetcatalog; path = Assets.xcassets; sourceTree = "<group>"; };
		1E1FD0482B6006F300E8EC59 /* Base */ = {isa = PBXFileReference; lastKnownFileType = file.storyboard; name = Base; path = Base.lproj/LaunchScreen.storyboard; sourceTree = "<group>"; };
		1E1FD04A2B6006F300E8EC59 /* Info.plist */ = {isa = PBXFileReference; lastKnownFileType = text.plist.xml; path = Info.plist; sourceTree = "<group>"; };
		1E1FD04B2B6006F300E8EC59 /* main.m */ = {isa = PBXFileReference; lastKnownFileType = sourcecode.c.objc; path = main.m; sourceTree = "<group>"; };
		1E1FD0562B600C2500E8EC59 /* News.h */ = {isa = PBXFileReference; lastKnownFileType = sourcecode.c.h; path = News.h; sourceTree = "<group>"; };
		1E1FD0572B600C2500E8EC59 /* News.m */ = {isa = PBXFileReference; lastKnownFileType = sourcecode.c.objc; path = News.m; sourceTree = "<group>"; };
		1E1FD0592B600F4D00E8EC59 /* news.json */ = {isa = PBXFileReference; fileEncoding = 4; lastKnownFileType = text.json; path = news.json; sourceTree = "<group>"; };
		1E1FD05B2B60120C00E8EC59 /* NewsCell.h */ = {isa = PBXFileReference; lastKnownFileType = sourcecode.c.h; path = NewsCell.h; sourceTree = "<group>"; };
		1E1FD05C2B60120C00E8EC59 /* NewsCell.m */ = {isa = PBXFileReference; lastKnownFileType = sourcecode.c.objc; path = NewsCell.m; sourceTree = "<group>"; };
		1E1FD05D2B60120C00E8EC59 /* NewsCell.xib */ = {isa = PBXFileReference; lastKnownFileType = file.xib; path = NewsCell.xib; sourceTree = "<group>"; };
/* End PBXFileReference section */

/* Begin PBXFrameworksBuildPhase section */
		1E0D0EFE2B61444000D53C60 /* Frameworks */ = {
			isa = PBXFrameworksBuildPhase;
			buildActionMask = 2147483647;
			files = (
			);
			runOnlyForDeploymentPostprocessing = 0;
		};
		1E0D0F0B2B61447C00D53C60 /* Frameworks */ = {
			isa = PBXFrameworksBuildPhase;
			buildActionMask = 2147483647;
			files = (
			);
			runOnlyForDeploymentPostprocessing = 0;
		};
		1E1FD0332B6006F200E8EC59 /* Frameworks */ = {
			isa = PBXFrameworksBuildPhase;
			buildActionMask = 2147483647;
			files = (
			);
			runOnlyForDeploymentPostprocessing = 0;
		};
/* End PBXFrameworksBuildPhase section */

/* Begin PBXGroup section */
		1E0D0F022B61444000D53C60 /* NewsReaderAppTests */ = {
			isa = PBXGroup;
			children = (
				1E0D0F032B61444100D53C60 /* NewsReaderAppTests.m */,
			);
			path = NewsReaderAppTests;
			sourceTree = "<group>";
		};
		1E0D0F0F2B61447C00D53C60 /* NewsReaderAppUITests */ = {
			isa = PBXGroup;
			children = (
				1E0D0F102B61447C00D53C60 /* NewsReaderAppUITests.m */,
				1E0D0F122B61447C00D53C60 /* NewsReaderAppUITestsLaunchTests.m */,
			);
			path = NewsReaderAppUITests;
			sourceTree = "<group>";
		};
		1E1FD02D2B6006F200E8EC59 = {
			isa = PBXGroup;
			children = (
				1E1FD0382B6006F200E8EC59 /* NewsReaderApp */,
				1E0D0F022B61444000D53C60 /* NewsReaderAppTests */,
				1E0D0F0F2B61447C00D53C60 /* NewsReaderAppUITests */,
				1E1FD0372B6006F200E8EC59 /* Products */,
			);
			sourceTree = "<group>";
		};
		1E1FD0372B6006F200E8EC59 /* Products */ = {
			isa = PBXGroup;
			children = (
				1E1FD0362B6006F200E8EC59 /* NewsReaderApp.app */,
				1E0D0F012B61444000D53C60 /* NewsReaderAppTests.xctest */,
				1E0D0F0E2B61447C00D53C60 /* NewsReaderAppUITests.xctest */,
			);
			name = Products;
			sourceTree = "<group>";
		};
		1E1FD0382B6006F200E8EC59 /* NewsReaderApp */ = {
			isa = PBXGroup;
			children = (
				1E1FD0592B600F4D00E8EC59 /* news.json */,
				1E1FD0392B6006F200E8EC59 /* AppDelegate.h */,
				1E1FD03A2B6006F200E8EC59 /* AppDelegate.m */,
				1E1FD03C2B6006F200E8EC59 /* SceneDelegate.h */,
				1E1FD03D2B6006F200E8EC59 /* SceneDelegate.m */,
				1E0D0F192B61464200D53C60 /* ViewController_Private.h */,
				1E1FD03F2B6006F200E8EC59 /* ViewController.h */,
				1E1FD0402B6006F200E8EC59 /* ViewController.m */,
				1E1FD0422B6006F200E8EC59 /* Main.storyboard */,
				1E1FD0452B6006F300E8EC59 /* Assets.xcassets */,
				1E1FD0472B6006F300E8EC59 /* LaunchScreen.storyboard */,
				1E1FD04A2B6006F300E8EC59 /* Info.plist */,
				1E1FD04B2B6006F300E8EC59 /* main.m */,
				1E1FD0562B600C2500E8EC59 /* News.h */,
				1E1FD0572B600C2500E8EC59 /* News.m */,
				1E1FD05B2B60120C00E8EC59 /* NewsCell.h */,
				1E1FD05C2B60120C00E8EC59 /* NewsCell.m */,
				1E1FD05D2B60120C00E8EC59 /* NewsCell.xib */,
			);
			path = NewsReaderApp;
			sourceTree = "<group>";
		};
/* End PBXGroup section */

/* Begin PBXNativeTarget section */
		1E0D0F002B61444000D53C60 /* NewsReaderAppTests */ = {
			isa = PBXNativeTarget;
			buildConfigurationList = 1E0D0F072B61444100D53C60 /* Build configuration list for PBXNativeTarget "NewsReaderAppTests" */;
			buildPhases = (
				1E0D0EFD2B61444000D53C60 /* Sources */,
				1E0D0EFE2B61444000D53C60 /* Frameworks */,
				1E0D0EFF2B61444000D53C60 /* Resources */,
			);
			buildRules = (
			);
			dependencies = (
				1E0D0F062B61444100D53C60 /* PBXTargetDependency */,
			);
			name = NewsReaderAppTests;
			productName = NewsReaderAppTests;
			productReference = 1E0D0F012B61444000D53C60 /* NewsReaderAppTests.xctest */;
			productType = "com.apple.product-type.bundle.unit-test";
		};
		1E0D0F0D2B61447C00D53C60 /* NewsReaderAppUITests */ = {
			isa = PBXNativeTarget;
			buildConfigurationList = 1E0D0F162B61447C00D53C60 /* Build configuration list for PBXNativeTarget "NewsReaderAppUITests" */;
			buildPhases = (
				1E0D0F0A2B61447C00D53C60 /* Sources */,
				1E0D0F0B2B61447C00D53C60 /* Frameworks */,
				1E0D0F0C2B61447C00D53C60 /* Resources */,
			);
			buildRules = (
			);
			dependencies = (
				1E0D0F152B61447C00D53C60 /* PBXTargetDependency */,
			);
			name = NewsReaderAppUITests;
			productName = NewsReaderAppUITests;
			productReference = 1E0D0F0E2B61447C00D53C60 /* NewsReaderAppUITests.xctest */;
			productType = "com.apple.product-type.bundle.ui-testing";
		};
		1E1FD0352B6006F200E8EC59 /* NewsReaderApp */ = {
			isa = PBXNativeTarget;
			buildConfigurationList = 1E1FD04F2B6006F300E8EC59 /* Build configuration list for PBXNativeTarget "NewsReaderApp" */;
			buildPhases = (
				1E1FD0322B6006F200E8EC59 /* Sources */,
				1E1FD0332B6006F200E8EC59 /* Frameworks */,
				1E1FD0342B6006F200E8EC59 /* Resources */,
			);
			buildRules = (
			);
			dependencies = (
			);
			name = NewsReaderApp;
			productName = NewsReaderApp;
			productReference = 1E1FD0362B6006F200E8EC59 /* NewsReaderApp.app */;
			productType = "com.apple.product-type.application";
		};
/* End PBXNativeTarget section */

/* Begin PBXProject section */
		1E1FD02E2B6006F200E8EC59 /* Project object */ = {
			isa = PBXProject;
			attributes = {
				BuildIndependentTargetsInParallel = 1;
				LastUpgradeCheck = 1520;
				TargetAttributes = {
					1E0D0F002B61444000D53C60 = {
						CreatedOnToolsVersion = 15.2;
						TestTargetID = 1E1FD0352B6006F200E8EC59;
					};
					1E0D0F0D2B61447C00D53C60 = {
						CreatedOnToolsVersion = 15.2;
						TestTargetID = 1E1FD0352B6006F200E8EC59;
					};
					1E1FD0352B6006F200E8EC59 = {
						CreatedOnToolsVersion = 15.2;
					};
				};
			};
			buildConfigurationList = 1E1FD0312B6006F200E8EC59 /* Build configuration list for PBXProject "NewsReaderApp" */;
			compatibilityVersion = "Xcode 14.0";
			developmentRegion = en;
			hasScannedForEncodings = 0;
			knownRegions = (
				en,
				Base,
			);
			mainGroup = 1E1FD02D2B6006F200E8EC59;
			productRefGroup = 1E1FD0372B6006F200E8EC59 /* Products */;
			projectDirPath = "";
			projectRoot = "";
			targets = (
				1E1FD0352B6006F200E8EC59 /* NewsReaderApp */,
				1E0D0F002B61444000D53C60 /* NewsReaderAppTests */,
				1E0D0F0D2B61447C00D53C60 /* NewsReaderAppUITests */,
			);
		};
/* End PBXProject section */

/* Begin PBXResourcesBuildPhase section */
		1E0D0EFF2B61444000D53C60 /* Resources */ = {
			isa = PBXResourcesBuildPhase;
			buildActionMask = 2147483647;
			files = (
			);
			runOnlyForDeploymentPostprocessing = 0;
		};
		1E0D0F0C2B61447C00D53C60 /* Resources */ = {
			isa = PBXResourcesBuildPhase;
			buildActionMask = 2147483647;
			files = (
			);
			runOnlyForDeploymentPostprocessing = 0;
		};
		1E1FD0342B6006F200E8EC59 /* Resources */ = {
			isa = PBXResourcesBuildPhase;
			buildActionMask = 2147483647;
			files = (
				1E1FD0492B6006F300E8EC59 /* LaunchScreen.storyboard in Resources */,
				1E1FD05A2B600F4D00E8EC59 /* news.json in Resources */,
				1E1FD05F2B60120C00E8EC59 /* NewsCell.xib in Resources */,
				1E1FD0462B6006F300E8EC59 /* Assets.xcassets in Resources */,
				1E1FD0442B6006F200E8EC59 /* Main.storyboard in Resources */,
			);
			runOnlyForDeploymentPostprocessing = 0;
		};
/* End PBXResourcesBuildPhase section */

/* Begin PBXSourcesBuildPhase section */
		1E0D0EFD2B61444000D53C60 /* Sources */ = {
			isa = PBXSourcesBuildPhase;
			buildActionMask = 2147483647;
			files = (
				1E0D0F042B61444100D53C60 /* NewsReaderAppTests.m in Sources */,
			);
			runOnlyForDeploymentPostprocessing = 0;
		};
		1E0D0F0A2B61447C00D53C60 /* Sources */ = {
			isa = PBXSourcesBuildPhase;
			buildActionMask = 2147483647;
			files = (
				1E0D0F132B61447C00D53C60 /* NewsReaderAppUITestsLaunchTests.m in Sources */,
				1E0D0F112B61447C00D53C60 /* NewsReaderAppUITests.m in Sources */,
			);
			runOnlyForDeploymentPostprocessing = 0;
		};
		1E1FD0322B6006F200E8EC59 /* Sources */ = {
			isa = PBXSourcesBuildPhase;
			buildActionMask = 2147483647;
			files = (
				1E1FD0582B600C2500E8EC59 /* News.m in Sources */,
				1E1FD0412B6006F200E8EC59 /* ViewController.m in Sources */,
				1E1FD05E2B60120C00E8EC59 /* NewsCell.m in Sources */,
				1E1FD03B2B6006F200E8EC59 /* AppDelegate.m in Sources */,
				1E1FD04C2B6006F300E8EC59 /* main.m in Sources */,
				1E1FD03E2B6006F200E8EC59 /* SceneDelegate.m in Sources */,
			);
			runOnlyForDeploymentPostprocessing = 0;
		};
/* End PBXSourcesBuildPhase section */

/* Begin PBXTargetDependency section */
		1E0D0F062B61444100D53C60 /* PBXTargetDependency */ = {
			isa = PBXTargetDependency;
			target = 1E1FD0352B6006F200E8EC59 /* NewsReaderApp */;
			targetProxy = 1E0D0F052B61444100D53C60 /* PBXContainerItemProxy */;
		};
		1E0D0F152B61447C00D53C60 /* PBXTargetDependency */ = {
			isa = PBXTargetDependency;
			target = 1E1FD0352B6006F200E8EC59 /* NewsReaderApp */;
			targetProxy = 1E0D0F142B61447C00D53C60 /* PBXContainerItemProxy */;
		};
/* End PBXTargetDependency section */

/* Begin PBXVariantGroup section */
		1E1FD0422B6006F200E8EC59 /* Main.storyboard */ = {
			isa = PBXVariantGroup;
			children = (
				1E1FD0432B6006F200E8EC59 /* Base */,
			);
			name = Main.storyboard;
			sourceTree = "<group>";
		};
		1E1FD0472B6006F300E8EC59 /* LaunchScreen.storyboard */ = {
			isa = PBXVariantGroup;
			children = (
				1E1FD0482B6006F300E8EC59 /* Base */,
			);
			name = LaunchScreen.storyboard;
			sourceTree = "<group>";
		};
/* End PBXVariantGroup section */

/* Begin XCBuildConfiguration section */
		1E0D0F082B61444100D53C60 /* Debug */ = {
			isa = XCBuildConfiguration;
			buildSettings = {
				BUNDLE_LOADER = "$(TEST_HOST)";
				CODE_SIGN_STYLE = Automatic;
				CURRENT_PROJECT_VERSION = 1;
				DEVELOPMENT_TEAM = RMWAG66842;
				GENERATE_INFOPLIST_FILE = YES;
				MARKETING_VERSION = 1.0;
				PRODUCT_BUNDLE_IDENTIFIER = com.personal.NewsReaderAppTests;
				PRODUCT_NAME = "$(TARGET_NAME)";
				SWIFT_EMIT_LOC_STRINGS = NO;
				TARGETED_DEVICE_FAMILY = "1,2";
				TEST_HOST = "$(BUILT_PRODUCTS_DIR)/NewsReaderApp.app/$(BUNDLE_EXECUTABLE_FOLDER_PATH)/NewsReaderApp";
			};
			name = Debug;
		};
		1E0D0F092B61444100D53C60 /* Release */ = {
			isa = XCBuildConfiguration;
			buildSettings = {
				BUNDLE_LOADER = "$(TEST_HOST)";
				CODE_SIGN_STYLE = Automatic;
				CURRENT_PROJECT_VERSION = 1;
				DEVELOPMENT_TEAM = RMWAG66842;
				GENERATE_INFOPLIST_FILE = YES;
				MARKETING_VERSION = 1.0;
				PRODUCT_BUNDLE_IDENTIFIER = com.personal.NewsReaderAppTests;
				PRODUCT_NAME = "$(TARGET_NAME)";
				SWIFT_EMIT_LOC_STRINGS = NO;
				TARGETED_DEVICE_FAMILY = "1,2";
				TEST_HOST = "$(BUILT_PRODUCTS_DIR)/NewsReaderApp.app/$(BUNDLE_EXECUTABLE_FOLDER_PATH)/NewsReaderApp";
			};
			name = Release;
		};
		1E0D0F172B61447C00D53C60 /* Debug */ = {
			isa = XCBuildConfiguration;
			buildSettings = {
				CODE_SIGN_STYLE = Automatic;
				CURRENT_PROJECT_VERSION = 1;
				DEVELOPMENT_TEAM = RMWAG66842;
				GENERATE_INFOPLIST_FILE = YES;
				MARKETING_VERSION = 1.0;
				PRODUCT_BUNDLE_IDENTIFIER = com.personal.NewsReaderAppUITests;
				PRODUCT_NAME = "$(TARGET_NAME)";
				SWIFT_EMIT_LOC_STRINGS = NO;
				TARGETED_DEVICE_FAMILY = "1,2";
				TEST_TARGET_NAME = NewsReaderApp;
			};
			name = Debug;
		};
		1E0D0F182B61447C00D53C60 /* Release */ = {
			isa = XCBuildConfiguration;
			buildSettings = {
				CODE_SIGN_STYLE = Automatic;
				CURRENT_PROJECT_VERSION = 1;
				DEVELOPMENT_TEAM = RMWAG66842;
				GENERATE_INFOPLIST_FILE = YES;
				MARKETING_VERSION = 1.0;
				PRODUCT_BUNDLE_IDENTIFIER = com.personal.NewsReaderAppUITests;
				PRODUCT_NAME = "$(TARGET_NAME)";
				SWIFT_EMIT_LOC_STRINGS = NO;
				TARGETED_DEVICE_FAMILY = "1,2";
				TEST_TARGET_NAME = NewsReaderApp;
			};
			name = Release;
		};
		1E1FD04D2B6006F300E8EC59 /* Debug */ = {
			isa = XCBuildConfiguration;
			buildSettings = {
				ALWAYS_SEARCH_USER_PATHS = NO;
				ASSETCATALOG_COMPILER_GENERATE_SWIFT_ASSET_SYMBOL_EXTENSIONS = YES;
				CLANG_ANALYZER_NONNULL = YES;
				CLANG_ANALYZER_NUMBER_OBJECT_CONVERSION = YES_AGGRESSIVE;
				CLANG_CXX_LANGUAGE_STANDARD = "gnu++20";
				CLANG_ENABLE_MODULES = YES;
				CLANG_ENABLE_OBJC_ARC = YES;
				CLANG_ENABLE_OBJC_WEAK = YES;
				CLANG_WARN_BLOCK_CAPTURE_AUTORELEASING = YES;
				CLANG_WARN_BOOL_CONVERSION = YES;
				CLANG_WARN_COMMA = YES;
				CLANG_WARN_CONSTANT_CONVERSION = YES;
				CLANG_WARN_DEPRECATED_OBJC_IMPLEMENTATIONS = YES;
				CLANG_WARN_DIRECT_OBJC_ISA_USAGE = YES_ERROR;
				CLANG_WARN_DOCUMENTATION_COMMENTS = YES;
				CLANG_WARN_EMPTY_BODY = YES;
				CLANG_WARN_ENUM_CONVERSION = YES;
				CLANG_WARN_INFINITE_RECURSION = YES;
				CLANG_WARN_INT_CONVERSION = YES;
				CLANG_WARN_NON_LITERAL_NULL_CONVERSION = YES;
				CLANG_WARN_OBJC_IMPLICIT_RETAIN_SELF = YES;
				CLANG_WARN_OBJC_LITERAL_CONVERSION = YES;
				CLANG_WARN_OBJC_ROOT_CLASS = YES_ERROR;
				CLANG_WARN_QUOTED_INCLUDE_IN_FRAMEWORK_HEADER = YES;
				CLANG_WARN_RANGE_LOOP_ANALYSIS = YES;
				CLANG_WARN_STRICT_PROTOTYPES = YES;
				CLANG_WARN_SUSPICIOUS_MOVE = YES;
				CLANG_WARN_UNGUARDED_AVAILABILITY = YES_AGGRESSIVE;
				CLANG_WARN_UNREACHABLE_CODE = YES;
				CLANG_WARN__DUPLICATE_METHOD_MATCH = YES;
				COPY_PHASE_STRIP = NO;
				DEBUG_INFORMATION_FORMAT = dwarf;
				ENABLE_STRICT_OBJC_MSGSEND = YES;
				ENABLE_TESTABILITY = YES;
				ENABLE_USER_SCRIPT_SANDBOXING = YES;
				GCC_C_LANGUAGE_STANDARD = gnu17;
				GCC_DYNAMIC_NO_PIC = NO;
				GCC_NO_COMMON_BLOCKS = YES;
				GCC_OPTIMIZATION_LEVEL = 0;
				GCC_PREPROCESSOR_DEFINITIONS = (
					"DEBUG=1",
					"$(inherited)",
				);
				GCC_WARN_64_TO_32_BIT_CONVERSION = YES;
				GCC_WARN_ABOUT_RETURN_TYPE = YES_ERROR;
				GCC_WARN_UNDECLARED_SELECTOR = YES;
				GCC_WARN_UNINITIALIZED_AUTOS = YES_AGGRESSIVE;
				GCC_WARN_UNUSED_FUNCTION = YES;
				GCC_WARN_UNUSED_VARIABLE = YES;
				IPHONEOS_DEPLOYMENT_TARGET = 17.2;
				LOCALIZATION_PREFERS_STRING_CATALOGS = YES;
				MTL_ENABLE_DEBUG_INFO = INCLUDE_SOURCE;
				MTL_FAST_MATH = YES;
				ONLY_ACTIVE_ARCH = YES;
				SDKROOT = iphoneos;
			};
			name = Debug;
		};
		1E1FD04E2B6006F300E8EC59 /* Release */ = {
			isa = XCBuildConfiguration;
			buildSettings = {
				ALWAYS_SEARCH_USER_PATHS = NO;
				ASSETCATALOG_COMPILER_GENERATE_SWIFT_ASSET_SYMBOL_EXTENSIONS = YES;
				CLANG_ANALYZER_NONNULL = YES;
				CLANG_ANALYZER_NUMBER_OBJECT_CONVERSION = YES_AGGRESSIVE;
				CLANG_CXX_LANGUAGE_STANDARD = "gnu++20";
				CLANG_ENABLE_MODULES = YES;
				CLANG_ENABLE_OBJC_ARC = YES;
				CLANG_ENABLE_OBJC_WEAK = YES;
				CLANG_WARN_BLOCK_CAPTURE_AUTORELEASING = YES;
				CLANG_WARN_BOOL_CONVERSION = YES;
				CLANG_WARN_COMMA = YES;
				CLANG_WARN_CONSTANT_CONVERSION = YES;
				CLANG_WARN_DEPRECATED_OBJC_IMPLEMENTATIONS = YES;
				CLANG_WARN_DIRECT_OBJC_ISA_USAGE = YES_ERROR;
				CLANG_WARN_DOCUMENTATION_COMMENTS = YES;
				CLANG_WARN_EMPTY_BODY = YES;
				CLANG_WARN_ENUM_CONVERSION = YES;
				CLANG_WARN_INFINITE_RECURSION = YES;
				CLANG_WARN_INT_CONVERSION = YES;
				CLANG_WARN_NON_LITERAL_NULL_CONVERSION = YES;
				CLANG_WARN_OBJC_IMPLICIT_RETAIN_SELF = YES;
				CLANG_WARN_OBJC_LITERAL_CONVERSION = YES;
				CLANG_WARN_OBJC_ROOT_CLASS = YES_ERROR;
				CLANG_WARN_QUOTED_INCLUDE_IN_FRAMEWORK_HEADER = YES;
				CLANG_WARN_RANGE_LOOP_ANALYSIS = YES;
				CLANG_WARN_STRICT_PROTOTYPES = YES;
				CLANG_WARN_SUSPICIOUS_MOVE = YES;
				CLANG_WARN_UNGUARDED_AVAILABILITY = YES_AGGRESSIVE;
				CLANG_WARN_UNREACHABLE_CODE = YES;
				CLANG_WARN__DUPLICATE_METHOD_MATCH = YES;
				COPY_PHASE_STRIP = NO;
				DEBUG_INFORMATION_FORMAT = "dwarf-with-dsym";
				ENABLE_NS_ASSERTIONS = NO;
				ENABLE_STRICT_OBJC_MSGSEND = YES;
				ENABLE_USER_SCRIPT_SANDBOXING = YES;
				GCC_C_LANGUAGE_STANDARD = gnu17;
				GCC_NO_COMMON_BLOCKS = YES;
				GCC_WARN_64_TO_32_BIT_CONVERSION = YES;
				GCC_WARN_ABOUT_RETURN_TYPE = YES_ERROR;
				GCC_WARN_UNDECLARED_SELECTOR = YES;
				GCC_WARN_UNINITIALIZED_AUTOS = YES_AGGRESSIVE;
				GCC_WARN_UNUSED_FUNCTION = YES;
				GCC_WARN_UNUSED_VARIABLE = YES;
				IPHONEOS_DEPLOYMENT_TARGET = 17.2;
				LOCALIZATION_PREFERS_STRING_CATALOGS = YES;
				MTL_ENABLE_DEBUG_INFO = NO;
				MTL_FAST_MATH = YES;
				SDKROOT = iphoneos;
				VALIDATE_PRODUCT = YES;
			};
			name = Release;
		};
		1E1FD0502B6006F300E8EC59 /* Debug */ = {
			isa = XCBuildConfiguration;
			buildSettings = {
				ASSETCATALOG_COMPILER_APPICON_NAME = AppIcon;
				ASSETCATALOG_COMPILER_GLOBAL_ACCENT_COLOR_NAME = AccentColor;
				CODE_SIGN_STYLE = Automatic;
				CURRENT_PROJECT_VERSION = 1;
				DEVELOPMENT_TEAM = RMWAG66842;
				GENERATE_INFOPLIST_FILE = YES;
				INFOPLIST_FILE = NewsReaderApp/Info.plist;
				INFOPLIST_KEY_UIApplicationSupportsIndirectInputEvents = YES;
				INFOPLIST_KEY_UILaunchStoryboardName = LaunchScreen;
				INFOPLIST_KEY_UIMainStoryboardFile = Main;
				INFOPLIST_KEY_UISupportedInterfaceOrientations_iPad = "UIInterfaceOrientationPortrait UIInterfaceOrientationPortraitUpsideDown UIInterfaceOrientationLandscapeLeft UIInterfaceOrientationLandscapeRight";
				INFOPLIST_KEY_UISupportedInterfaceOrientations_iPhone = "UIInterfaceOrientationPortrait UIInterfaceOrientationLandscapeLeft UIInterfaceOrientationLandscapeRight";
				LD_RUNPATH_SEARCH_PATHS = (
					"$(inherited)",
					"@executable_path/Frameworks",
				);
				MARKETING_VERSION = 1.0;
				PRODUCT_BUNDLE_IDENTIFIER = com.personal.NewsReaderApp;
				PRODUCT_NAME = "$(TARGET_NAME)";
				SWIFT_EMIT_LOC_STRINGS = YES;
				TARGETED_DEVICE_FAMILY = "1,2";
			};
			name = Debug;
		};
		1E1FD0512B6006F300E8EC59 /* Release */ = {
			isa = XCBuildConfiguration;
			buildSettings = {
				ASSETCATALOG_COMPILER_APPICON_NAME = AppIcon;
				ASSETCATALOG_COMPILER_GLOBAL_ACCENT_COLOR_NAME = AccentColor;
				CODE_SIGN_STYLE = Automatic;
				CURRENT_PROJECT_VERSION = 1;
				DEVELOPMENT_TEAM = RMWAG66842;
				GENERATE_INFOPLIST_FILE = YES;
				INFOPLIST_FILE = NewsReaderApp/Info.plist;
				INFOPLIST_KEY_UIApplicationSupportsIndirectInputEvents = YES;
				INFOPLIST_KEY_UILaunchStoryboardName = LaunchScreen;
				INFOPLIST_KEY_UIMainStoryboardFile = Main;
				INFOPLIST_KEY_UISupportedInterfaceOrientations_iPad = "UIInterfaceOrientationPortrait UIInterfaceOrientationPortraitUpsideDown UIInterfaceOrientationLandscapeLeft UIInterfaceOrientationLandscapeRight";
				INFOPLIST_KEY_UISupportedInterfaceOrientations_iPhone = "UIInterfaceOrientationPortrait UIInterfaceOrientationLandscapeLeft UIInterfaceOrientationLandscapeRight";
				LD_RUNPATH_SEARCH_PATHS = (
					"$(inherited)",
					"@executable_path/Frameworks",
				);
				MARKETING_VERSION = 1.0;
				PRODUCT_BUNDLE_IDENTIFIER = com.personal.NewsReaderApp;
				PRODUCT_NAME = "$(TARGET_NAME)";
				SWIFT_EMIT_LOC_STRINGS = YES;
				TARGETED_DEVICE_FAMILY = "1,2";
			};
			name = Release;
		};
/* End XCBuildConfiguration section */

/* Begin XCConfigurationList section */
		1E0D0F072B61444100D53C60 /* Build configuration list for PBXNativeTarget "NewsReaderAppTests" */ = {
			isa = XCConfigurationList;
			buildConfigurations = (
				1E0D0F082B61444100D53C60 /* Debug */,
				1E0D0F092B61444100D53C60 /* Release */,
			);
			defaultConfigurationIsVisible = 0;
			defaultConfigurationName = Release;
		};
		1E0D0F162B61447C00D53C60 /* Build configuration list for PBXNativeTarget "NewsReaderAppUITests" */ = {
			isa = XCConfigurationList;
			buildConfigurations = (
				1E0D0F172B61447C00D53C60 /* Debug */,
				1E0D0F182B61447C00D53C60 /* Release */,
			);
			defaultConfigurationIsVisible = 0;
			defaultConfigurationName = Release;
		};
		1E1FD0312B6006F200E8EC59 /* Build configuration list for PBXProject "NewsReaderApp" */ = {
			isa = XCConfigurationList;
			buildConfigurations = (
				1E1FD04D2B6006F300E8EC59 /* Debug */,
				1E1FD04E2B6006F300E8EC59 /* Release */,
			);
			defaultConfigurationIsVisible = 0;
			defaultConfigurationName = Release;
		};
		1E1FD04F2B6006F300E8EC59 /* Build configuration list for PBXNativeTarget "NewsReaderApp" */ = {
			isa = XCConfigurationList;
			buildConfigurations = (
				1E1FD0502B6006F300E8EC59 /* Debug */,
				1E1FD0512B6006F300E8EC59 /* Release */,
			);
			defaultConfigurationIsVisible = 0;
			defaultConfigurationName = Release;
		};
/* End XCConfigurationList section */
	};
	rootObject = 1E1FD02E2B6006F200E8EC59 /* Project object */;
}
